
Microsoft Visual Studio Solution File, Format Version 12.00
# Visual Studio Version 16
VisualStudioVersion = 16.0.30907.101
MinimumVisualStudioVersion = 10.0.40219.1
Project("{9A19103F-16F7-4668-BE54-9A1E7A4F7556}") = "StatelessIdentity", "StatelessIdentity\StatelessIdentity.csproj", "{886269A1-0BB3-46F7-9E1B-2D71486F3DC7}"
EndProject
Project("{9A19103F-16F7-4668-BE54-9A1E7A4F7556}") = "StatelessIdentity.Domain", "StatelessIdentity.Domain\StatelessIdentity.Domain.csproj", "{2F52CA52-0A84-4A9A-955E-BC4ADFFC6875}"
EndProject
Project("{9A19103F-16F7-4668-BE54-9A1E7A4F7556}") = "StatelessIdentity.UserProviders.Guid", "StatelessIdentity.UserProviders.Guid\StatelessIdentity.UserProviders.Guid.csproj", "{377AA16B-C19D-4D5B-8AA7-F4F467F35787}"
EndProject
Project("{2150E333-8FDC-42A3-9474-1A3956D46DE8}") = "Tests", "Tests", "{6998D7E8-DDA8-422E-B445-5993B1E7E5B8}"
EndProject
Project("{9A19103F-16F7-4668-BE54-9A1E7A4F7556}") = "StatelessIdentity.Tests", "StatelessIdentity.Tests\StatelessIdentity.Tests.csproj", "{27C9FAA9-4BCC-4C8C-ADCB-C9CFFCE29FF2}"
EndProject
Project("{9A19103F-16F7-4668-BE54-9A1E7A4F7556}") = "StatelessIdentity.Domain.Tests", "StatelessIdentity.Domain.Tests\StatelessIdentity.Domain.Tests.csproj", "{579B7B75-C613-4246-8BB4-C35C6C6D2C2A}"
EndProject
Project("{9A19103F-16F7-4668-BE54-9A1E7A4F7556}") = "StatelessIdentity.UserProviders.Discord", "StatelessIdentity.UserProviders.Discord\StatelessIdentity.UserProviders.Discord.csproj", "{1B461EDB-F803-4901-80BC-0C7C7E4CF36A}"
EndProject
Project("{9A19103F-16F7-4668-BE54-9A1E7A4F7556}") = "StatelessIdentity.UserProviders.Discord.Tests", "StatelessIdentity.UserProviders.Discord.Tests\StatelessIdentity.UserProviders.Discord.Tests.csproj", "{00788FFA-5685-443B-BC5F-D551397A2AE1}"
EndProject
Global
	GlobalSection(SolutionConfigurationPlatforms) = preSolution
		Debug|Any CPU = Debug|Any CPU
		Release|Any CPU = Release|Any CPU
	EndGlobalSection
	GlobalSection(ProjectConfigurationPlatforms) = postSolution
		{886269A1-0BB3-46F7-9E1B-2D71486F3DC7}.Debug|Any CPU.ActiveCfg = Debug|Any CPU
		{886269A1-0BB3-46F7-9E1B-2D71486F3DC7}.Debug|Any CPU.Build.0 = Debug|Any CPU
		{886269A1-0BB3-46F7-9E1B-2D71486F3DC7}.Release|Any CPU.ActiveCfg = Release|Any CPU
		{886269A1-0BB3-46F7-9E1B-2D71486F3DC7}.Release|Any CPU.Build.0 = Release|Any CPU
		{2F52CA52-0A84-4A9A-955E-BC4ADFFC6875}.Debug|Any CPU.ActiveCfg = Debug|Any CPU
		{2F52CA52-0A84-4A9A-955E-BC4ADFFC6875}.Debug|Any CPU.Build.0 = Debug|Any CPU
		{2F52CA52-0A84-4A9A-955E-BC4ADFFC6875}.Release|Any CPU.ActiveCfg = Release|Any CPU
		{2F52CA52-0A84-4A9A-955E-BC4ADFFC6875}.Release|Any CPU.Build.0 = Release|Any CPU
		{377AA16B-C19D-4D5B-8AA7-F4F467F35787}.Debug|Any CPU.ActiveCfg = Debug|Any CPU
		{377AA16B-C19D-4D5B-8AA7-F4F467F35787}.Debug|Any CPU.Build.0 = Debug|Any CPU
		{377AA16B-C19D-4D5B-8AA7-F4F467F35787}.Release|Any CPU.ActiveCfg = Release|Any CPU
		{377AA16B-C19D-4D5B-8AA7-F4F467F35787}.Release|Any CPU.Build.0 = Release|Any CPU
		{27C9FAA9-4BCC-4C8C-ADCB-C9CFFCE29FF2}.Debug|Any CPU.ActiveCfg = Debug|Any CPU
		{27C9FAA9-4BCC-4C8C-ADCB-C9CFFCE29FF2}.Debug|Any CPU.Build.0 = Debug|Any CPU
		{27C9FAA9-4BCC-4C8C-ADCB-C9CFFCE29FF2}.Release|Any CPU.ActiveCfg = Release|Any CPU
		{27C9FAA9-4BCC-4C8C-ADCB-C9CFFCE29FF2}.Release|Any CPU.Build.0 = Release|Any CPU
		{579B7B75-C613-4246-8BB4-C35C6C6D2C2A}.Debug|Any CPU.ActiveCfg = Debug|Any CPU
		{579B7B75-C613-4246-8BB4-C35C6C6D2C2A}.Debug|Any CPU.Build.0 = Debug|Any CPU
		{579B7B75-C613-4246-8BB4-C35C6C6D2C2A}.Release|Any CPU.ActiveCfg = Release|Any CPU
		{579B7B75-C613-4246-8BB4-C35C6C6D2C2A}.Release|Any CPU.Build.0 = Release|Any CPU
		{1B461EDB-F803-4901-80BC-0C7C7E4CF36A}.Debug|Any CPU.ActiveCfg = Debug|Any CPU
		{1B461EDB-F803-4901-80BC-0C7C7E4CF36A}.Debug|Any CPU.Build.0 = Debug|Any CPU
		{1B461EDB-F803-4901-80BC-0C7C7E4CF36A}.Release|Any CPU.ActiveCfg = Release|Any CPU
		{1B461EDB-F803-4901-80BC-0C7C7E4CF36A}.Release|Any CPU.Build.0 = Release|Any CPU
		{00788FFA-5685-443B-BC5F-D551397A2AE1}.Debug|Any CPU.ActiveCfg = Debug|Any CPU
		{00788FFA-5685-443B-BC5F-D551397A2AE1}.Debug|Any CPU.Build.0 = Debug|Any CPU
		{00788FFA-5685-443B-BC5F-D551397A2AE1}.Release|Any CPU.ActiveCfg = Release|Any CPU
		{00788FFA-5685-443B-BC5F-D551397A2AE1}.Release|Any CPU.Build.0 = Release|Any CPU
	EndGlobalSection
	GlobalSection(SolutionProperties) = preSolution
		HideSolutionNode = FALSE
	EndGlobalSection
	GlobalSection(NestedProjects) = preSolution
		{27C9FAA9-4BCC-4C8C-ADCB-C9CFFCE29FF2} = {6998D7E8-DDA8-422E-B445-5993B1E7E5B8}
		{579B7B75-C613-4246-8BB4-C35C6C6D2C2A} = {6998D7E8-DDA8-422E-B445-5993B1E7E5B8}
		{00788FFA-5685-443B-BC5F-D551397A2AE1} = {6998D7E8-DDA8-422E-B445-5993B1E7E5B8}
	EndGlobalSection
	GlobalSection(ExtensibilityGlobals) = postSolution
		SolutionGuid = {10B6988F-DBBD-4CC4-B629-CA545C62AFA0}
	EndGlobalSection
EndGlobal
