
Microsoft Visual Studio Solution File, Format Version 12.00
# Visual Studio Version 16
VisualStudioVersion = 16.0.30907.101
MinimumVisualStudioVersion = 10.0.40219.1
Project("{FAE04EC0-301F-11D3-BF4B-00C04F79EFBC}") = "StatelessIdentity", "StatelessIdentity\StatelessIdentity.csproj", "{886269A1-0BB3-46F7-9E1B-2D71486F3DC7}"
EndProject
Project("{9A19103F-16F7-4668-BE54-9A1E7A4F7556}") = "StatelessIdentity.Domain", "StatelessIdentity.Domain\StatelessIdentity.Domain.csproj", "{2F52CA52-0A84-4A9A-955E-BC4ADFFC6875}"
EndProject
Project("{9A19103F-16F7-4668-BE54-9A1E7A4F7556}") = "StatelessIdentity.UserProviders.Guid", "StatelessIdentity.UserProviders.Guid\StatelessIdentity.UserProviders.Guid.csproj", "{377AA16B-C19D-4D5B-8AA7-F4F467F35787}"
EndProject
Global
	GlobalSection(SolutionConfigurationPlatforms) = preSolution
		Debug|Any CPU = Debug|Any CPU
		Release|Any CPU = Release|Any CPU
	EndGlobalSection
	GlobalSection(ProjectConfigurationPlatforms) = postSolution
		{886269A1-0BB3-46F7-9E1B-2D71486F3DC7}.Debug|Any CPU.ActiveCfg = Debug|Any CPU
		{886269A1-0BB3-46F7-9E1B-2D71486F3DC7}.Debug|Any CPU.Build.0 = Debug|Any CPU
		{886269A1-0BB3-46F7-9E1B-2D71486F3DC7}.Release|Any CPU.ActiveCfg = Release|Any CPU
		{886269A1-0BB3-46F7-9E1B-2D71486F3DC7}.Release|Any CPU.Build.0 = Release|Any CPU
		{2F52CA52-0A84-4A9A-955E-BC4ADFFC6875}.Debug|Any CPU.ActiveCfg = Debug|Any CPU
		{2F52CA52-0A84-4A9A-955E-BC4ADFFC6875}.Debug|Any CPU.Build.0 = Debug|Any CPU
		{2F52CA52-0A84-4A9A-955E-BC4ADFFC6875}.Release|Any CPU.ActiveCfg = Release|Any CPU
		{2F52CA52-0A84-4A9A-955E-BC4ADFFC6875}.Release|Any CPU.Build.0 = Release|Any CPU
		{377AA16B-C19D-4D5B-8AA7-F4F467F35787}.Debug|Any CPU.ActiveCfg = Debug|Any CPU
		{377AA16B-C19D-4D5B-8AA7-F4F467F35787}.Debug|Any CPU.Build.0 = Debug|Any CPU
		{377AA16B-C19D-4D5B-8AA7-F4F467F35787}.Release|Any CPU.ActiveCfg = Release|Any CPU
		{377AA16B-C19D-4D5B-8AA7-F4F467F35787}.Release|Any CPU.Build.0 = Release|Any CPU
	EndGlobalSection
	GlobalSection(SolutionProperties) = preSolution
		HideSolutionNode = FALSE
	EndGlobalSection
	GlobalSection(ExtensibilityGlobals) = postSolution
		SolutionGuid = {10B6988F-DBBD-4CC4-B629-CA545C62AFA0}
	EndGlobalSection
EndGlobal
